
Microsoft Visual Studio Solution File, Format Version 12.00
# Visual Studio Version 16
VisualStudioVersion = 16.0.32630.194
MinimumVisualStudioVersion = 10.0.40219.1
Project("{9A19103F-16F7-4668-BE54-9A1E7A4F7556}") = "DataAccess", "DataAccess\DataAccess.csproj", "{3CB55A5A-45A9-47D0-8E42-6EA2E1C7926E}"
EndProject
Project("{9A19103F-16F7-4668-BE54-9A1E7A4F7556}") = "Business", "Business\Business.csproj", "{4878E745-B700-4040-8098-9EFF6F036AC7}"
EndProject
Project("{9A19103F-16F7-4668-BE54-9A1E7A4F7556}") = "Entities", "Entities\Entities.csproj", "{43D57643-2510-41BC-80BB-C89E06FF7B75}"
EndProject
Project("{9A19103F-16F7-4668-BE54-9A1E7A4F7556}") = "ConsoleUI", "ConsoleUI\ConsoleUI.csproj", "{7944D5B8-CBDA-45EB-AD48-A9AD167EFC54}"
EndProject
Project("{FAE04EC0-301F-11D3-BF4B-00C04F79EFBC}") = "Core", "Core\Core.csproj", "{7E877D71-DB2E-44E9-8D09-E668482DD006}"
EndProject
Global
	GlobalSection(SolutionConfigurationPlatforms) = preSolution
		Debug|Any CPU = Debug|Any CPU
		Release|Any CPU = Release|Any CPU
	EndGlobalSection
	GlobalSection(ProjectConfigurationPlatforms) = postSolution
		{3CB55A5A-45A9-47D0-8E42-6EA2E1C7926E}.Debug|Any CPU.ActiveCfg = Debug|Any CPU
		{3CB55A5A-45A9-47D0-8E42-6EA2E1C7926E}.Debug|Any CPU.Build.0 = Debug|Any CPU
		{3CB55A5A-45A9-47D0-8E42-6EA2E1C7926E}.Release|Any CPU.ActiveCfg = Release|Any CPU
		{3CB55A5A-45A9-47D0-8E42-6EA2E1C7926E}.Release|Any CPU.Build.0 = Release|Any CPU
		{4878E745-B700-4040-8098-9EFF6F036AC7}.Debug|Any CPU.ActiveCfg = Debug|Any CPU
		{4878E745-B700-4040-8098-9EFF6F036AC7}.Debug|Any CPU.Build.0 = Debug|Any CPU
		{4878E745-B700-4040-8098-9EFF6F036AC7}.Release|Any CPU.ActiveCfg = Release|Any CPU
		{4878E745-B700-4040-8098-9EFF6F036AC7}.Release|Any CPU.Build.0 = Release|Any CPU
		{43D57643-2510-41BC-80BB-C89E06FF7B75}.Debug|Any CPU.ActiveCfg = Debug|Any CPU
		{43D57643-2510-41BC-80BB-C89E06FF7B75}.Debug|Any CPU.Build.0 = Debug|Any CPU
		{43D57643-2510-41BC-80BB-C89E06FF7B75}.Release|Any CPU.ActiveCfg = Release|Any CPU
		{43D57643-2510-41BC-80BB-C89E06FF7B75}.Release|Any CPU.Build.0 = Release|Any CPU
		{7944D5B8-CBDA-45EB-AD48-A9AD167EFC54}.Debug|Any CPU.ActiveCfg = Debug|Any CPU
		{7944D5B8-CBDA-45EB-AD48-A9AD167EFC54}.Debug|Any CPU.Build.0 = Debug|Any CPU
		{7944D5B8-CBDA-45EB-AD48-A9AD167EFC54}.Release|Any CPU.ActiveCfg = Release|Any CPU
		{7944D5B8-CBDA-45EB-AD48-A9AD167EFC54}.Release|Any CPU.Build.0 = Release|Any CPU
		{7E877D71-DB2E-44E9-8D09-E668482DD006}.Debug|Any CPU.ActiveCfg = Debug|Any CPU
		{7E877D71-DB2E-44E9-8D09-E668482DD006}.Debug|Any CPU.Build.0 = Debug|Any CPU
		{7E877D71-DB2E-44E9-8D09-E668482DD006}.Release|Any CPU.ActiveCfg = Release|Any CPU
		{7E877D71-DB2E-44E9-8D09-E668482DD006}.Release|Any CPU.Build.0 = Release|Any CPU
	EndGlobalSection
	GlobalSection(SolutionProperties) = preSolution
		HideSolutionNode = FALSE
	EndGlobalSection
	GlobalSection(ExtensibilityGlobals) = postSolution
		SolutionGuid = {ABCCB934-AB18-4074-9A3F-6BAED580F4FF}
	EndGlobalSection
EndGlobal
